
Microsoft Visual Studio Solution File, Format Version 12.00
# Visual Studio Version 17
VisualStudioVersion = 17.5.2.0
MinimumVisualStudioVersion = 10.0.40219.1
Project("{2150E333-8FDC-42A3-9474-1A3956D46DE8}") = "shared", "shared", "{4F52FD11-658E-A102-6CD3-7D7C16FFA15B}"
EndProject
Project("{2150E333-8FDC-42A3-9474-1A3956D46DE8}") = "contracts-dotnet", "contracts-dotnet", "{4159442E-CD84-B65E-1024-7938F55559C3}"
EndProject
Project("{FAE04EC0-301F-11D3-BF4B-00C04F79EFBC}") = "Shared.Contracts", "shared\contracts-dotnet\Shared.Contracts.csproj", "{5B356761-2778-4BE3-A52C-EFA89BB36354}"
EndProject
Project("{2150E333-8FDC-42A3-9474-1A3956D46DE8}") = "apps", "apps", "{1787FE1D-075E-9E68-7218-25F1BD1BBEAB}"
EndProject
Project("{FAE04EC0-301F-11D3-BF4B-00C04F79EFBC}") = "api-gateway", "apps\api-gateway\api-gateway.csproj", "{D316D09B-8FE2-4CD2-B70F-A0C5D35CA3C3}"
EndProject
Project("{FAE04EC0-301F-11D3-BF4B-00C04F79EFBC}") = "auth-service", "apps\auth-service\auth-service.csproj", "{A4BF13DA-E16B-457A-8803-48FC5CD8CDE7}"
EndProject
Project("{FAE04EC0-301F-11D3-BF4B-00C04F79EFBC}") = "device-service", "apps\device-service\device-service.csproj", "{67A06025-9A90-4839-82C4-A88F97D8F98B}"
EndProject
Project("{FAE04EC0-301F-11D3-BF4B-00C04F79EFBC}") = "telemetry-service", "apps\telemetry-service\telemetry-service.csproj", "{6406B977-F6C0-400D-9DFB-FCDBEA501006}"
EndProject
Global
	GlobalSection(SolutionConfigurationPlatforms) = preSolution
		Debug|Any CPU = Debug|Any CPU
		Debug|x64 = Debug|x64
		Debug|x86 = Debug|x86
		Release|Any CPU = Release|Any CPU
		Release|x64 = Release|x64
		Release|x86 = Release|x86
	EndGlobalSection
	GlobalSection(ProjectConfigurationPlatforms) = postSolution
		{5B356761-2778-4BE3-A52C-EFA89BB36354}.Debug|Any CPU.ActiveCfg = Debug|Any CPU
		{5B356761-2778-4BE3-A52C-EFA89BB36354}.Debug|Any CPU.Build.0 = Debug|Any CPU
		{5B356761-2778-4BE3-A52C-EFA89BB36354}.Debug|x64.ActiveCfg = Debug|Any CPU
		{5B356761-2778-4BE3-A52C-EFA89BB36354}.Debug|x64.Build.0 = Debug|Any CPU
		{5B356761-2778-4BE3-A52C-EFA89BB36354}.Debug|x86.ActiveCfg = Debug|Any CPU
		{5B356761-2778-4BE3-A52C-EFA89BB36354}.Debug|x86.Build.0 = Debug|Any CPU
		{5B356761-2778-4BE3-A52C-EFA89BB36354}.Release|Any CPU.ActiveCfg = Release|Any CPU
		{5B356761-2778-4BE3-A52C-EFA89BB36354}.Release|Any CPU.Build.0 = Release|Any CPU
		{5B356761-2778-4BE3-A52C-EFA89BB36354}.Release|x64.ActiveCfg = Release|Any CPU
		{5B356761-2778-4BE3-A52C-EFA89BB36354}.Release|x64.Build.0 = Release|Any CPU
		{5B356761-2778-4BE3-A52C-EFA89BB36354}.Release|x86.ActiveCfg = Release|Any CPU
		{5B356761-2778-4BE3-A52C-EFA89BB36354}.Release|x86.Build.0 = Release|Any CPU
		{D316D09B-8FE2-4CD2-B70F-A0C5D35CA3C3}.Debug|Any CPU.ActiveCfg = Debug|Any CPU
		{D316D09B-8FE2-4CD2-B70F-A0C5D35CA3C3}.Debug|Any CPU.Build.0 = Debug|Any CPU
		{D316D09B-8FE2-4CD2-B70F-A0C5D35CA3C3}.Debug|x64.ActiveCfg = Debug|Any CPU
		{D316D09B-8FE2-4CD2-B70F-A0C5D35CA3C3}.Debug|x64.Build.0 = Debug|Any CPU
		{D316D09B-8FE2-4CD2-B70F-A0C5D35CA3C3}.Debug|x86.ActiveCfg = Debug|Any CPU
		{D316D09B-8FE2-4CD2-B70F-A0C5D35CA3C3}.Debug|x86.Build.0 = Debug|Any CPU
		{D316D09B-8FE2-4CD2-B70F-A0C5D35CA3C3}.Release|Any CPU.ActiveCfg = Release|Any CPU
		{D316D09B-8FE2-4CD2-B70F-A0C5D35CA3C3}.Release|Any CPU.Build.0 = Release|Any CPU
		{D316D09B-8FE2-4CD2-B70F-A0C5D35CA3C3}.Release|x64.ActiveCfg = Release|Any CPU
		{D316D09B-8FE2-4CD2-B70F-A0C5D35CA3C3}.Release|x64.Build.0 = Release|Any CPU
		{D316D09B-8FE2-4CD2-B70F-A0C5D35CA3C3}.Release|x86.ActiveCfg = Release|Any CPU
		{D316D09B-8FE2-4CD2-B70F-A0C5D35CA3C3}.Release|x86.Build.0 = Release|Any CPU
		{A4BF13DA-E16B-457A-8803-48FC5CD8CDE7}.Debug|Any CPU.ActiveCfg = Debug|Any CPU
		{A4BF13DA-E16B-457A-8803-48FC5CD8CDE7}.Debug|Any CPU.Build.0 = Debug|Any CPU
		{A4BF13DA-E16B-457A-8803-48FC5CD8CDE7}.Debug|x64.ActiveCfg = Debug|Any CPU
		{A4BF13DA-E16B-457A-8803-48FC5CD8CDE7}.Debug|x64.Build.0 = Debug|Any CPU
		{A4BF13DA-E16B-457A-8803-48FC5CD8CDE7}.Debug|x86.ActiveCfg = Debug|Any CPU
		{A4BF13DA-E16B-457A-8803-48FC5CD8CDE7}.Debug|x86.Build.0 = Debug|Any CPU
		{A4BF13DA-E16B-457A-8803-48FC5CD8CDE7}.Release|Any CPU.ActiveCfg = Release|Any CPU
		{A4BF13DA-E16B-457A-8803-48FC5CD8CDE7}.Release|Any CPU.Build.0 = Release|Any CPU
		{A4BF13DA-E16B-457A-8803-48FC5CD8CDE7}.Release|x64.ActiveCfg = Release|Any CPU
		{A4BF13DA-E16B-457A-8803-48FC5CD8CDE7}.Release|x64.Build.0 = Release|Any CPU
		{A4BF13DA-E16B-457A-8803-48FC5CD8CDE7}.Release|x86.ActiveCfg = Release|Any CPU
		{A4BF13DA-E16B-457A-8803-48FC5CD8CDE7}.Release|x86.Build.0 = Release|Any CPU
		{67A06025-9A90-4839-82C4-A88F97D8F98B}.Debug|Any CPU.ActiveCfg = Debug|Any CPU
		{67A06025-9A90-4839-82C4-A88F97D8F98B}.Debug|Any CPU.Build.0 = Debug|Any CPU
		{67A06025-9A90-4839-82C4-A88F97D8F98B}.Debug|x64.ActiveCfg = Debug|Any CPU
		{67A06025-9A90-4839-82C4-A88F97D8F98B}.Debug|x64.Build.0 = Debug|Any CPU
		{67A06025-9A90-4839-82C4-A88F97D8F98B}.Debug|x86.ActiveCfg = Debug|Any CPU
		{67A06025-9A90-4839-82C4-A88F97D8F98B}.Debug|x86.Build.0 = Debug|Any CPU
		{67A06025-9A90-4839-82C4-A88F97D8F98B}.Release|Any CPU.ActiveCfg = Release|Any CPU
		{67A06025-9A90-4839-82C4-A88F97D8F98B}.Release|Any CPU.Build.0 = Release|Any CPU
		{67A06025-9A90-4839-82C4-A88F97D8F98B}.Release|x64.ActiveCfg = Release|Any CPU
		{67A06025-9A90-4839-82C4-A88F97D8F98B}.Release|x64.Build.0 = Release|Any CPU
		{67A06025-9A90-4839-82C4-A88F97D8F98B}.Release|x86.ActiveCfg = Release|Any CPU
		{67A06025-9A90-4839-82C4-A88F97D8F98B}.Release|x86.Build.0 = Release|Any CPU
		{6406B977-F6C0-400D-9DFB-FCDBEA501006}.Debug|Any CPU.ActiveCfg = Debug|Any CPU
		{6406B977-F6C0-400D-9DFB-FCDBEA501006}.Debug|Any CPU.Build.0 = Debug|Any CPU
		{6406B977-F6C0-400D-9DFB-FCDBEA501006}.Debug|x64.ActiveCfg = Debug|Any CPU
		{6406B977-F6C0-400D-9DFB-FCDBEA501006}.Debug|x64.Build.0 = Debug|Any CPU
		{6406B977-F6C0-400D-9DFB-FCDBEA501006}.Debug|x86.ActiveCfg = Debug|Any CPU
		{6406B977-F6C0-400D-9DFB-FCDBEA501006}.Debug|x86.Build.0 = Debug|Any CPU
		{6406B977-F6C0-400D-9DFB-FCDBEA501006}.Release|Any CPU.ActiveCfg = Release|Any CPU
		{6406B977-F6C0-400D-9DFB-FCDBEA501006}.Release|Any CPU.Build.0 = Release|Any CPU
		{6406B977-F6C0-400D-9DFB-FCDBEA501006}.Release|x64.ActiveCfg = Release|Any CPU
		{6406B977-F6C0-400D-9DFB-FCDBEA501006}.Release|x64.Build.0 = Release|Any CPU
		{6406B977-F6C0-400D-9DFB-FCDBEA501006}.Release|x86.ActiveCfg = Release|Any CPU
		{6406B977-F6C0-400D-9DFB-FCDBEA501006}.Release|x86.Build.0 = Release|Any CPU
	EndGlobalSection
	GlobalSection(SolutionProperties) = preSolution
		HideSolutionNode = FALSE
	EndGlobalSection
	GlobalSection(NestedProjects) = preSolution
		{4159442E-CD84-B65E-1024-7938F55559C3} = {4F52FD11-658E-A102-6CD3-7D7C16FFA15B}
		{5B356761-2778-4BE3-A52C-EFA89BB36354} = {4159442E-CD84-B65E-1024-7938F55559C3}
		{D316D09B-8FE2-4CD2-B70F-A0C5D35CA3C3} = {1787FE1D-075E-9E68-7218-25F1BD1BBEAB}
		{A4BF13DA-E16B-457A-8803-48FC5CD8CDE7} = {1787FE1D-075E-9E68-7218-25F1BD1BBEAB}
		{67A06025-9A90-4839-82C4-A88F97D8F98B} = {1787FE1D-075E-9E68-7218-25F1BD1BBEAB}
		{6406B977-F6C0-400D-9DFB-FCDBEA501006} = {1787FE1D-075E-9E68-7218-25F1BD1BBEAB}
	EndGlobalSection
	GlobalSection(ExtensibilityGlobals) = postSolution
		SolutionGuid = {8895FD20-FBED-42DE-99C1-EFA952337014}
	EndGlobalSection
EndGlobal
